
Microsoft Visual Studio Solution File, Format Version 12.00
# Visual Studio 14
VisualStudioVersion = 14.0.25420.1
MinimumVisualStudioVersion = 10.0.40219.1
Project("{FAE04EC0-301F-11D3-BF4B-00C04F79EFBC}") = "AbstractFactory", "AbstractFactory\AbstractFactory.csproj", "{117C63DB-C17C-40BD-94AC-F471190A2AC1}"
EndProject
Project("{FAE04EC0-301F-11D3-BF4B-00C04F79EFBC}") = "Singletone", "Singletone\Singletone.csproj", "{1E58D1AB-94DD-4F20-85D5-2C43935ECF20}"
EndProject
Project("{FAE04EC0-301F-11D3-BF4B-00C04F79EFBC}") = "Decorator", "Decorator\Decorator.csproj", "{40D6EB20-4D7B-44AC-9641-0CE5D1461B24}"
EndProject
Project("{FAE04EC0-301F-11D3-BF4B-00C04F79EFBC}") = "Adapter", "Adapter\Adapter.csproj", "{F8BC7EFE-A7A0-4F75-9107-92759DC74CC1}"
EndProject
Global
	GlobalSection(SolutionConfigurationPlatforms) = preSolution
		Debug|Any CPU = Debug|Any CPU
		Release|Any CPU = Release|Any CPU
	EndGlobalSection
	GlobalSection(ProjectConfigurationPlatforms) = postSolution
		{117C63DB-C17C-40BD-94AC-F471190A2AC1}.Debug|Any CPU.ActiveCfg = Debug|Any CPU
		{117C63DB-C17C-40BD-94AC-F471190A2AC1}.Debug|Any CPU.Build.0 = Debug|Any CPU
		{117C63DB-C17C-40BD-94AC-F471190A2AC1}.Release|Any CPU.ActiveCfg = Release|Any CPU
		{117C63DB-C17C-40BD-94AC-F471190A2AC1}.Release|Any CPU.Build.0 = Release|Any CPU
		{1E58D1AB-94DD-4F20-85D5-2C43935ECF20}.Debug|Any CPU.ActiveCfg = Debug|Any CPU
		{1E58D1AB-94DD-4F20-85D5-2C43935ECF20}.Debug|Any CPU.Build.0 = Debug|Any CPU
		{1E58D1AB-94DD-4F20-85D5-2C43935ECF20}.Release|Any CPU.ActiveCfg = Release|Any CPU
		{1E58D1AB-94DD-4F20-85D5-2C43935ECF20}.Release|Any CPU.Build.0 = Release|Any CPU
		{40D6EB20-4D7B-44AC-9641-0CE5D1461B24}.Debug|Any CPU.ActiveCfg = Debug|Any CPU
		{40D6EB20-4D7B-44AC-9641-0CE5D1461B24}.Debug|Any CPU.Build.0 = Debug|Any CPU
		{40D6EB20-4D7B-44AC-9641-0CE5D1461B24}.Release|Any CPU.ActiveCfg = Release|Any CPU
		{40D6EB20-4D7B-44AC-9641-0CE5D1461B24}.Release|Any CPU.Build.0 = Release|Any CPU
		{F8BC7EFE-A7A0-4F75-9107-92759DC74CC1}.Debug|Any CPU.ActiveCfg = Debug|Any CPU
		{F8BC7EFE-A7A0-4F75-9107-92759DC74CC1}.Debug|Any CPU.Build.0 = Debug|Any CPU
		{F8BC7EFE-A7A0-4F75-9107-92759DC74CC1}.Release|Any CPU.ActiveCfg = Release|Any CPU
		{F8BC7EFE-A7A0-4F75-9107-92759DC74CC1}.Release|Any CPU.Build.0 = Release|Any CPU
	EndGlobalSection
	GlobalSection(SolutionProperties) = preSolution
		HideSolutionNode = FALSE
	EndGlobalSection
EndGlobal
